{
  "name": "test",
  "version": "1.0.0",
  "lockfileVersion": 1,
  "requires": true,
  "dependencies": {
    "@algolia/cache-browser-local-storage": {
      "version": "4.9.1",
      "resolved": "https://registry.npmjs.org/@algolia/cache-browser-local-storage/-/cache-browser-local-storage-4.9.1.tgz",
      "integrity": "sha512-bAUU9vKCy45uTTlzJw0LYu1IjoZsmzL6lgjaVFaW1crhX/4P+JD5ReQv3n/wpiXSFaHq1WEO3WyH2g3ymzeipQ==",
      "requires": {
        "@algolia/cache-common": "4.9.1"
      }
    },
    "@algolia/cache-common": {
      "version": "4.9.1",
      "resolved": "https://registry.npmjs.org/@algolia/cache-common/-/cache-common-4.9.1.tgz",
      "integrity": "sha512-tcvw4mOfFy44V4ZxDEy9wNGr6vFROZKRpXKTEBgdw/WBn6mX51H1ar4RWtceDEcDU4H5fIv5tsY3ip2hU+fTPg=="
    },
    "@algolia/cache-in-memory": {
      "version": "4.9.1",
      "resolved": "https://registry.npmjs.org/@algolia/cache-in-memory/-/cache-in-memory-4.9.1.tgz",
      "integrity": "sha512-IEJrHonvdymW2CnRfJtsTVWyfAH05xPEFkGXGCw00+6JNCj8Dln3TeaRLiaaY1srlyGedkemekQm1/Xb46CGOQ==",
      "requires": {
        "@algolia/cache-common": "4.9.1"
      }
    },
    "@algolia/client-account": {
      "version": "4.9.1",
      "resolved": "https://registry.npmjs.org/@algolia/client-account/-/client-account-4.9.1.tgz",
      "integrity": "sha512-Shpjeuwb7i2LR5QuWREb6UbEQLGB+Pl/J5+wPgILJDP/uWp7jpl0ase9mYNQGKj7TjztpSpQCPZ3dSHPnzZPfw==",
      "requires": {
        "@algolia/client-common": "4.9.1",
        "@algolia/client-search": "4.9.1",
        "@algolia/transporter": "4.9.1"
      }
    },
    "@algolia/client-analytics": {
      "version": "4.9.1",
      "resolved": "https://registry.npmjs.org/@algolia/client-analytics/-/client-analytics-4.9.1.tgz",
      "integrity": "sha512-/g6OkOSIA+A0t/tjvbL6iG/zV4El4LPFgv/tcAYHTH27BmlNtnEXw+iFpGjeUlQoPily9WVB3QNLMJkaNwL3HA==",
      "requires": {
        "@algolia/client-common": "4.9.1",
        "@algolia/client-search": "4.9.1",
        "@algolia/requester-common": "4.9.1",
        "@algolia/transporter": "4.9.1"
      }
    },
    "@algolia/client-common": {
      "version": "4.9.1",
      "resolved": "https://registry.npmjs.org/@algolia/client-common/-/client-common-4.9.1.tgz",
      "integrity": "sha512-UziRTZ8km3qwoVPIyEre8TV6V+MX7UtbfVqPmSafZ0xu41UUZ+sL56YoKjOXkbKuybeIC9prXMGy/ID5bXkTqg==",
      "requires": {
        "@algolia/requester-common": "4.9.1",
        "@algolia/transporter": "4.9.1"
      }
    },
    "@algolia/client-recommendation": {
      "version": "4.9.1",
      "resolved": "https://registry.npmjs.org/@algolia/client-recommendation/-/client-recommendation-4.9.1.tgz",
      "integrity": "sha512-Drtvvm1PNIOpYf4HFlkPFstFQ3IsN+TRmxur2F7y6Faplb5ybISa8ithu1tmlTdyTf3A78hQUQjgJet6qD2XZw==",
      "requires": {
        "@algolia/client-common": "4.9.1",
        "@algolia/requester-common": "4.9.1",
        "@algolia/transporter": "4.9.1"
      }
    },
    "@algolia/client-search": {
      "version": "4.9.1",
      "resolved": "https://registry.npmjs.org/@algolia/client-search/-/client-search-4.9.1.tgz",
      "integrity": "sha512-r9Cw2r8kJr45iYncFDht6EshARghU265wuY8Q8oHrpFHjAziEYdsUOdNmQKbsSH5J3gLjDPx1EI5DzVd6ivn3w==",
      "requires": {
        "@algolia/client-common": "4.9.1",
        "@algolia/requester-common": "4.9.1",
        "@algolia/transporter": "4.9.1"
      }
    },
    "@algolia/logger-common": {
      "version": "4.9.1",
      "resolved": "https://registry.npmjs.org/@algolia/logger-common/-/logger-common-4.9.1.tgz",
      "integrity": "sha512-9mPrbFlFyPT7or/7PXTiJjyOewWB9QRkZKVXkt5zHAUiUzGxmmdpJIGpPv3YQnDur8lXrXaRI0MHXUuIDMY1ng=="
    },
    "@algolia/logger-console": {
      "version": "4.9.1",
      "resolved": "https://registry.npmjs.org/@algolia/logger-console/-/logger-console-4.9.1.tgz",
      "integrity": "sha512-74VUwjtFjFpjZpi3QoHIPv0kcr3vWUSHX/Vs8PJW3lPsD4CgyhFenQbG9v+ZnyH0JrJwiYTtzfmrVh7IMWZGrQ==",
      "requires": {
        "@algolia/logger-common": "4.9.1"
      }
    },
    "@algolia/requester-browser-xhr": {
      "version": "4.9.1",
      "resolved": "https://registry.npmjs.org/@algolia/requester-browser-xhr/-/requester-browser-xhr-4.9.1.tgz",
      "integrity": "sha512-zc46tk5o0ikOAz3uYiRAMxC2iVKAMFKT7nNZnLB5IzT0uqAh7pz/+D/UvIxP4bKmsllpBSnPcpfQF+OI4Ag/BA==",
      "requires": {
        "@algolia/requester-common": "4.9.1"
      }
    },
    "@algolia/requester-common": {
      "version": "4.9.1",
      "resolved": "https://registry.npmjs.org/@algolia/requester-common/-/requester-common-4.9.1.tgz",
      "integrity": "sha512-9hPgXnlCSbqJqF69M5x5WN3h51Dc+mk/iWNeJSVxExHGvCDfBBZd0v6S15i8q2a9cD1I2RnhMpbnX5BmGtabVA=="
    },
    "@algolia/requester-node-http": {
      "version": "4.9.1",
      "resolved": "https://registry.npmjs.org/@algolia/requester-node-http/-/requester-node-http-4.9.1.tgz",
      "integrity": "sha512-vYNVbSCuyrCSCjHBQJk+tLZtWCjvvDf5tSbRJjyJYMqpnXuIuP7gZm24iHil4NPYBhbBj5NU2ZDAhc/gTn75Ag==",
      "requires": {
        "@algolia/requester-common": "4.9.1"
      }
    },
    "@algolia/transporter": {
      "version": "4.9.1",
      "resolved": "https://registry.npmjs.org/@algolia/transporter/-/transporter-4.9.1.tgz",
      "integrity": "sha512-AbjFfGzX+cAuj7Qyc536OxIQzjFOA5FU2ANGStx8LBH+AKXScwfkx67C05riuaRR5adSCLMSEbVvUscH0nF+6A==",
      "requires": {
        "@algolia/cache-common": "4.9.1",
        "@algolia/logger-common": "4.9.1",
        "@algolia/requester-common": "4.9.1"
      }
    },
    "algoliasearch": {
      "version": "4.9.1",
      "resolved": "https://registry.npmjs.org/algoliasearch/-/algoliasearch-4.9.1.tgz",
      "integrity": "sha512-EeJUYXzBEhZSsL6tXc3hseLBCtlNLa1MZ4mlMK6EeX38yRjY5vgnFcNNml6uUhlOjvheKxgkKRpPWkxgL8Cqkg==",
      "requires": {
        "@algolia/cache-browser-local-storage": "4.9.1",
        "@algolia/cache-common": "4.9.1",
        "@algolia/cache-in-memory": "4.9.1",
        "@algolia/client-account": "4.9.1",
        "@algolia/client-analytics": "4.9.1",
        "@algolia/client-common": "4.9.1",
        "@algolia/client-recommendation": "4.9.1",
        "@algolia/client-search": "4.9.1",
        "@algolia/logger-common": "4.9.1",
        "@algolia/logger-console": "4.9.1",
        "@algolia/requester-browser-xhr": "4.9.1",
        "@algolia/requester-common": "4.9.1",
        "@algolia/requester-node-http": "4.9.1",
        "@algolia/transporter": "4.9.1"
      }
    }
  }
}
